
Microsoft Visual Studio Solution File, Format Version 12.00
# Visual Studio Version 17
VisualStudioVersion = 17.14.37328.6
MinimumVisualStudioVersion = 10.0.40219.1
Project("{8BC9CEB8-8B4A-11D0-8D11-00A0C91BC942}") = "Win-Detours", "Win-Detours.vcxproj", "{5903314B-B54E-48E8-BB0D-8E7F4D9FCE81}"
	ProjectSection(ProjectDependencies) = postProject
		{2F284F2A-8819-4AFA-BFB4-AC9AE521F57D} = {2F284F2A-8819-4AFA-BFB4-AC9AE521F57D}
		{33F5D429-E2CC-4AE1-BF90-945992A253BE} = {33F5D429-E2CC-4AE1-BF90-945992A253BE}
		{8FD11076-290E-4AF6-ACDD-C33EDBE9833C} = {8FD11076-290E-4AF6-ACDD-C33EDBE9833C}
		{948CBD5A-6C71-46C2-9897-FDCADEAD1E84} = {948CBD5A-6C71-46C2-9897-FDCADEAD1E84}
	EndProjectSection
EndProject
Project("{8BC9CEB8-8B4A-11D0-8D11-00A0C91BC942}") = "Detours-Native", "Detours-Native\Detours-Native.vcxproj", "{33F5D429-E2CC-4AE1-BF90-945992A253BE}"
EndProject
Project("{8BC9CEB8-8B4A-11D0-8D11-00A0C91BC942}") = "Detours-Modify-Binary", "Detours-Modify-Binary\Detours-Modify-Binary.vcxproj", "{948CBD5A-6C71-46C2-9897-FDCADEAD1E84}"
EndProject
Project("{8BC9CEB8-8B4A-11D0-8D11-00A0C91BC942}") = "Detours-New-Process", "Detours-New-Process\Detours-New-Process.vcxproj", "{2F284F2A-8819-4AFA-BFB4-AC9AE521F57D}"
EndProject
Project("{8BC9CEB8-8B4A-11D0-8D11-00A0C91BC942}") = "Detours-Inject", "Detours-Inject\Detours-Inject.vcxproj", "{8FD11076-290E-4AF6-ACDD-C33EDBE9833C}"
EndProject
Global
	GlobalSection(SolutionConfigurationPlatforms) = preSolution
		Debug|x64 = Debug|x64
		Debug|x86 = Debug|x86
		Release|x64 = Release|x64
		Release|x86 = Release|x86
	EndGlobalSection
	GlobalSection(ProjectConfigurationPlatforms) = postSolution
		{5903314B-B54E-48E8-BB0D-8E7F4D9FCE81}.Debug|x64.ActiveCfg = Debug|x64
		{5903314B-B54E-48E8-BB0D-8E7F4D9FCE81}.Debug|x64.Build.0 = Debug|x64
		{5903314B-B54E-48E8-BB0D-8E7F4D9FCE81}.Debug|x86.ActiveCfg = Debug|Win32
		{5903314B-B54E-48E8-BB0D-8E7F4D9FCE81}.Debug|x86.Build.0 = Debug|Win32
		{5903314B-B54E-48E8-BB0D-8E7F4D9FCE81}.Release|x64.ActiveCfg = Release|x64
		{5903314B-B54E-48E8-BB0D-8E7F4D9FCE81}.Release|x64.Build.0 = Release|x64
		{5903314B-B54E-48E8-BB0D-8E7F4D9FCE81}.Release|x86.ActiveCfg = Release|Win32
		{5903314B-B54E-48E8-BB0D-8E7F4D9FCE81}.Release|x86.Build.0 = Release|Win32
		{33F5D429-E2CC-4AE1-BF90-945992A253BE}.Debug|x64.ActiveCfg = Debug|x64
		{33F5D429-E2CC-4AE1-BF90-945992A253BE}.Debug|x64.Build.0 = Debug|x64
		{33F5D429-E2CC-4AE1-BF90-945992A253BE}.Debug|x86.ActiveCfg = Debug|Win32
		{33F5D429-E2CC-4AE1-BF90-945992A253BE}.Debug|x86.Build.0 = Debug|Win32
		{33F5D429-E2CC-4AE1-BF90-945992A253BE}.Release|x64.ActiveCfg = Release|x64
		{33F5D429-E2CC-4AE1-BF90-945992A253BE}.Release|x64.Build.0 = Release|x64
		{33F5D429-E2CC-4AE1-BF90-945992A253BE}.Release|x86.ActiveCfg = Release|Win32
		{33F5D429-E2CC-4AE1-BF90-945992A253BE}.Release|x86.Build.0 = Release|Win32
		{948CBD5A-6C71-46C2-9897-FDCADEAD1E84}.Debug|x64.ActiveCfg = Debug|x64
		{948CBD5A-6C71-46C2-9897-FDCADEAD1E84}.Debug|x64.Build.0 = Debug|x64
		{948CBD5A-6C71-46C2-9897-FDCADEAD1E84}.Debug|x86.ActiveCfg = Debug|Win32
		{948CBD5A-6C71-46C2-9897-FDCADEAD1E84}.Debug|x86.Build.0 = Debug|Win32
		{948CBD5A-6C71-46C2-9897-FDCADEAD1E84}.Release|x64.ActiveCfg = Release|x64
		{948CBD5A-6C71-46C2-9897-FDCADEAD1E84}.Release|x64.Build.0 = Release|x64
		{948CBD5A-6C71-46C2-9897-FDCADEAD1E84}.Release|x86.ActiveCfg = Release|Win32
		{948CBD5A-6C71-46C2-9897-FDCADEAD1E84}.Release|x86.Build.0 = Release|Win32
		{2F284F2A-8819-4AFA-BFB4-AC9AE521F57D}.Debug|x64.ActiveCfg = Debug|x64
		{2F284F2A-8819-4AFA-BFB4-AC9AE521F57D}.Debug|x64.Build.0 = Debug|x64
		{2F284F2A-8819-4AFA-BFB4-AC9AE521F57D}.Debug|x86.ActiveCfg = Debug|Win32
		{2F284F2A-8819-4AFA-BFB4-AC9AE521F57D}.Debug|x86.Build.0 = Debug|Win32
		{2F284F2A-8819-4AFA-BFB4-AC9AE521F57D}.Release|x64.ActiveCfg = Release|x64
		{2F284F2A-8819-4AFA-BFB4-AC9AE521F57D}.Release|x64.Build.0 = Release|x64
		{2F284F2A-8819-4AFA-BFB4-AC9AE521F57D}.Release|x86.ActiveCfg = Release|Win32
		{2F284F2A-8819-4AFA-BFB4-AC9AE521F57D}.Release|x86.Build.0 = Release|Win32
		{8FD11076-290E-4AF6-ACDD-C33EDBE9833C}.Debug|x64.ActiveCfg = Debug|x64
		{8FD11076-290E-4AF6-ACDD-C33EDBE9833C}.Debug|x64.Build.0 = Debug|x64
		{8FD11076-290E-4AF6-ACDD-C33EDBE9833C}.Debug|x86.ActiveCfg = Debug|Win32
		{8FD11076-290E-4AF6-ACDD-C33EDBE9833C}.Debug|x86.Build.0 = Debug|Win32
		{8FD11076-290E-4AF6-ACDD-C33EDBE9833C}.Release|x64.ActiveCfg = Release|x64
		{8FD11076-290E-4AF6-ACDD-C33EDBE9833C}.Release|x64.Build.0 = Release|x64
		{8FD11076-290E-4AF6-ACDD-C33EDBE9833C}.Release|x86.ActiveCfg = Release|Win32
		{8FD11076-290E-4AF6-ACDD-C33EDBE9833C}.Release|x86.Build.0 = Release|Win32
	EndGlobalSection
	GlobalSection(SolutionProperties) = preSolution
		HideSolutionNode = FALSE
	EndGlobalSection
	GlobalSection(ExtensibilityGlobals) = postSolution
		SolutionGuid = {31C75E8D-1387-496F-B6AB-4E61D5EF273C}
	EndGlobalSection
EndGlobal
